
Microsoft Visual Studio Solution File, Format Version 12.00
# Visual Studio Version 17
VisualStudioVersion = 17.14.36127.28 d17.14
MinimumVisualStudioVersion = 10.0.40219.1
Project("{FAE04EC0-301F-11D3-BF4B-00C04F79EFBC}") = "Web_Scraper", "Web_Scraper.csproj", "{F15A960A-C482-4E44-BD3C-D7596329784B}"
EndProject
Global
	GlobalSection(SolutionConfigurationPlatforms) = preSolution
		Debug|Any CPU = Debug|Any CPU
		Release|Any CPU = Release|Any CPU
	EndGlobalSection
	GlobalSection(ProjectConfigurationPlatforms) = postSolution
		{F15A960A-C482-4E44-BD3C-D7596329784B}.Debug|Any CPU.ActiveCfg = Debug|Any CPU
		{F15A960A-C482-4E44-BD3C-D7596329784B}.Debug|Any CPU.Build.0 = Debug|Any CPU
		{F15A960A-C482-4E44-BD3C-D7596329784B}.Release|Any CPU.ActiveCfg = Release|Any CPU
		{F15A960A-C482-4E44-BD3C-D7596329784B}.Release|Any CPU.Build.0 = Release|Any CPU
	EndGlobalSection
	GlobalSection(SolutionProperties) = preSolution
		HideSolutionNode = FALSE
	EndGlobalSection
	GlobalSection(ExtensibilityGlobals) = postSolution
		SolutionGuid = {6C6DD4BC-9097-492A-A7CC-42E02539C019}
	EndGlobalSection
EndGlobal
